<?xml version="1.0" encoding="utf-8"?>
<Project ToolsVersion="4.0" xmlns="http://schemas.microsoft.com/developer/msbuild/2003">
  <ItemGroup>
    <Filter Include="Source Files">
      <UniqueIdentifier>{520e63f9-2136-47fd-a32f-2b60137a709c}</UniqueIdentifier>
    </Filter>
    <Filter Include="Generated Files">
      <UniqueIdentifier>{0bfe99bc-106d-460e-aa13-c3cd871dcbb3}</UniqueIdentifier>
      <SourceControlFiles>False</SourceControlFiles>
    </Filter>
  </ItemGroup>
  <ItemGroup>
    <None Include="rtd-serverps.def" />
  </ItemGroup>
  <ItemGroup>
    <ClCompile Include="rtdserver_i.c">
      <Filter>Generated Files</Filter>
    </ClCompile>
    <ClCompile Include="rtdserver_p.c">
      <Filter>Generated Files</Filter>
    </ClCompile>
    <ClCompile Include="dlldata.c">
      <Filter>Generated Files</Filter>
    </ClCompile>
  </ItemGroup>
</Project>