<?xml version="1.0" encoding="utf-8"?>
<Project ToolsVersion="4.0" xmlns="http://schemas.microsoft.com/developer/msbuild/2003">
  <ItemGroup>
    <Filter Include="Source Files">
      <UniqueIdentifier>{4FC737F1-C7A5-4376-A066-2A32D752A2FF}</UniqueIdentifier>
      <Extensions>cpp;c;cc;cxx;def;odl;idl;hpj;bat;asm;asmx</Extensions>
    </Filter>
    <Filter Include="Header Files">
      <UniqueIdentifier>{93995380-89BD-4b04-88EB-625FBE52EBFB}</UniqueIdentifier>
      <Extensions>h;hh;hpp;hxx;hm;inl;inc;xsd</Extensions>
    </Filter>
    <Filter Include="Resource Files">
      <UniqueIdentifier>{67DA6AB6-F800-4c08-8B7A-83BB121AAD01}</UniqueIdentifier>
      <Extensions>rc;ico;cur;bmp;dlg;rc2;rct;bin;rgs;gif;jpg;jpeg;jpe;resx;tiff;tif;png;wav;mfcribbon-ms</Extensions>
    </Filter>
  </ItemGroup>
  <ItemGroup>
    <ClInclude Include="stdafx.h">
      <Filter>Header Files</Filter>
    </ClInclude>
    <ClInclude Include="targetver.h">
      <Filter>Header Files</Filter>
    </ClInclude>
    <ClInclude Include="Classpath.h">
      <Filter>Header Files</Filter>
    </ClInclude>
    <ClInclude Include="Cache.h">
      <Filter>Header Files</Filter>
    </ClInclude>
    <ClInclude Include="FileWriter.h">
      <Filter>Header Files</Filter>
    </ClInclude>
    <ClInclude Include="local.h">
      <Filter>Header Files</Filter>
    </ClInclude>
    <ClInclude Include="DirectoryWriter.h">
      <Filter>Header Files</Filter>
    </ClInclude>
    <ClInclude Include="Delete.h">
      <Filter>Header Files</Filter>
    </ClInclude>
    <ClInclude Include="Jvm.h">
      <Filter>Header Files</Filter>
    </ClInclude>
    <ClInclude Include="Internal.h">
      <Filter>Header Files</Filter>
    </ClInclude>
    <ClInclude Include="JvmConnector.h">
      <Filter>Header Files</Filter>
    </ClInclude>
    <ClInclude Include="JniValue.h">
      <Filter>Header Files</Filter>
    </ClInclude>
    <ClInclude Include="CScan.h">
      <Filter>Header Files</Filter>
    </ClInclude>
    <ClInclude Include="CScanExecutor.h">
      <Filter>Header Files</Filter>
    </ClInclude>
    <ClInclude Include="CCall.h">
      <Filter>Header Files</Filter>
    </ClInclude>
    <ClInclude Include="CCallExecutor.h">
      <Filter>Header Files</Filter>
    </ClInclude>
    <ClInclude Include="JniCache.h">
      <Filter>Header Files</Filter>
    </ClInclude>
    <ClInclude Include="CCollect.h">
      <Filter>Header Files</Filter>
    </ClInclude>
    <ClInclude Include="CCollectExecutor.h">
      <Filter>Header Files</Filter>
    </ClInclude>
  </ItemGroup>
  <ItemGroup>
    <ClCompile Include="stdafx.cpp">
      <Filter>Source Files</Filter>
    </ClCompile>
    <ClCompile Include="dllmain.cpp">
      <Filter>Source Files</Filter>
    </ClCompile>
    <ClCompile Include="local.cpp">
      <Filter>Source Files</Filter>
    </ClCompile>
    <ClCompile Include="Classpath.cpp">
      <Filter>Source Files</Filter>
    </ClCompile>
    <ClCompile Include="Cache.cpp">
      <Filter>Source Files</Filter>
    </ClCompile>
    <ClCompile Include="FileWriter.cpp">
      <Filter>Source Files</Filter>
    </ClCompile>
    <ClCompile Include="DirectoryWriter.cpp">
      <Filter>Source Files</Filter>
    </ClCompile>
    <ClCompile Include="Delete.cpp">
      <Filter>Source Files</Filter>
    </ClCompile>
    <ClCompile Include="Jvm.cpp">
      <Filter>Source Files</Filter>
    </ClCompile>
    <ClCompile Include="dlldata.c">
      <Filter>Source Files</Filter>
    </ClCompile>
    <ClCompile Include="JvmConnector.cpp">
      <Filter>Source Files</Filter>
    </ClCompile>
    <ClCompile Include="CScan.cpp">
      <Filter>Source Files</Filter>
    </ClCompile>
    <ClCompile Include="CScanExectutor.cpp">
      <Filter>Source Files</Filter>
    </ClCompile>
    <ClCompile Include="CCall.cpp">
      <Filter>Source Files</Filter>
    </ClCompile>
    <ClCompile Include="CCallExecutor.cpp">
      <Filter>Source Files</Filter>
    </ClCompile>
    <ClCompile Include="JniCache.cpp">
      <Filter>Source Files</Filter>
    </ClCompile>
    <ClCompile Include="CCollect.cpp">
      <Filter>Source Files</Filter>
    </ClCompile>
    <ClCompile Include="CCollectExecutor.cpp">
      <Filter>Source Files</Filter>
    </ClCompile>
  </ItemGroup>
  <ItemGroup>
    <Midl Include="local.idl">
      <Filter>Source Files</Filter>
    </Midl>
  </ItemGroup>
  <ItemGroup>
    <None Include="Local.def">
      <Filter>Source Files</Filter>
    </None>
  </ItemGroup>
</Project>